
Microsoft Visual Studio Solution File, Format Version 12.00
# Visual Studio Version 17
VisualStudioVersion = 17.2.32516.85
MinimumVisualStudioVersion = 10.0.40219.1
Project("{9A19103F-16F7-4668-BE54-9A1E7A4F7556}") = "HWA-GARDEN", "HWA-GARDEN\HWA-GARDEN.csproj", "{B1814DAA-4132-4EE6-BCEF-44BC2F381B6B}"
EndProject
Project("{2150E333-8FDC-42A3-9474-1A3956D46DE8}") = "EventService", "EventService", "{A38D0C02-0318-4337-8113-14A5505C8BB4}"
EndProject
Project("{00D1A9C2-B5F0-4AF3-8072-F6C62B433612}") = "HWA-GARDEN-EventService.Database", "EventService\EventService.Database\HWA-GARDEN-EventService.Database.sqlproj", "{B6A9CA2F-7B9C-48F1-B6A1-C5AF16A5F8A7}"
EndProject
Project("{9A19103F-16F7-4668-BE54-9A1E7A4F7556}") = "HWA-GARDEN-EventService.Data", "EventService\EventService.DataAccess\HWA-GARDEN-EventService.Data.csproj", "{1DD37B0F-B55C-4648-8C16-6963C0FB4B26}"
EndProject
Project("{9A19103F-16F7-4668-BE54-9A1E7A4F7556}") = "HWA-GARDEN-EventService.Domain", "EventService\EventService.Domain\HWA-GARDEN-EventService.Domain.csproj", "{E5101CA8-6166-4BE0-94F5-84E4555DD674}"
EndProject
Project("{9A19103F-16F7-4668-BE54-9A1E7A4F7556}") = "HWA-GARDEN-EventService", "EventService\HWA-GARDEN-EventService\HWA-GARDEN-EventService.csproj", "{48551CB6-15C6-456C-8313-595C968A6843}"
EndProject
Project("{9A19103F-16F7-4668-BE54-9A1E7A4F7556}") = "HWA-GARDEN.Utilities", "HWA-GARDEN.Utilities\HWA-GARDEN.Utilities.csproj", "{37C10BD9-36E0-4321-93F7-4527C6D3E176}"
EndProject
Project("{9A19103F-16F7-4668-BE54-9A1E7A4F7556}") = "HWA-GARDEN.Contracts", "HWA-GARDEN.Contracts\HWA-GARDEN.Contracts.csproj", "{694E13A0-8194-4240-AD00-6BE1F41FAFC1}"
EndProject
Project("{9A19103F-16F7-4668-BE54-9A1E7A4F7556}") = "HWA-GARDEN.Data", "HWA-GARDEN.Data\HWA-GARDEN.Data.csproj", "{349700E3-AE6A-478B-A5CA-E56BDE01C291}"
EndProject
Project("{2150E333-8FDC-42A3-9474-1A3956D46DE8}") = "Tests", "Tests", "{B39CA626-3FE9-46F9-BD53-185B399C9BC2}"
EndProject
Project("{2150E333-8FDC-42A3-9474-1A3956D46DE8}") = "EventService", "EventService", "{685F7A9A-EEE5-4C39-8F4F-F88D6A78F92C}"
EndProject
Project("{9A19103F-16F7-4668-BE54-9A1E7A4F7556}") = "HWA-GARDEN-EventService.Domain.Tests", "Tests\EventService\HWA-GARDEN-EventService.Domain.Tests\HWA-GARDEN-EventService.Domain.Tests.csproj", "{83774A1F-56A1-4162-A72E-9D93568F5632}"
EndProject
Project("{9A19103F-16F7-4668-BE54-9A1E7A4F7556}") = "HWA-GARDEN.Utilities.Tests", "Tests\HWA-GARDEN.Utilities.Tests\HWA-GARDEN.Utilities.Tests.csproj", "{9BB22C06-0907-4E38-9C77-484900DB6D4C}"
EndProject
Project("{2150E333-8FDC-42A3-9474-1A3956D46DE8}") = "CalendarService", "CalendarService", "{3DE101F6-457A-43A8-AB7F-6CB28FC13C07}"
EndProject
Project("{9A19103F-16F7-4668-BE54-9A1E7A4F7556}") = "HWA-GARDEN-CalendarService", "CalendarService\HWA-GARDEN-CalendarService\HWA-GARDEN-CalendarService.csproj", "{0A9176D4-5CD6-4BC0-B73F-B03F04F0F437}"
EndProject
Project("{FAE04EC0-301F-11D3-BF4B-00C04F79EFBC}") = "HWA-GARDEN-CalendarService.Domain", "CalendarService\HWA-GARDEN-CalendarService.Domain\HWA-GARDEN-CalendarService.Domain.csproj", "{123A0F4C-400E-4CD8-A770-F1DD71F84C75}"
EndProject
Project("{00D1A9C2-B5F0-4AF3-8072-F6C62B433612}") = "HWA-GARDEN-CalendarService.Database", "CalendarService\HWA-GARDEN-CalendarService.Database\HWA-GARDEN-CalendarService.Database.sqlproj", "{F99DE090-8FBF-4608-A879-96C7281B5541}"
EndProject
Project("{FAE04EC0-301F-11D3-BF4B-00C04F79EFBC}") = "HWA-GARDEN-CalendarService.Data", "CalendarService\HWA-GARDEN-CalendarService.Data\HWA-GARDEN-CalendarService.Data.csproj", "{9FAA020D-686D-451A-9062-CC29D38C9606}"
EndProject
Project("{FAE04EC0-301F-11D3-BF4B-00C04F79EFBC}") = "HWA-GARDEN.Data.Utilities", "HWA-GARDEN.Data.Utilities\HWA-GARDEN.Data.Utilities.csproj", "{2ACC7ED2-C965-43AE-BA38-587EBC84A24A}"
EndProject
Project("{FAE04EC0-301F-11D3-BF4B-00C04F79EFBC}") = "HWA-GARDEN.RabbitMQ", "HWA-GARDEN.RabbitMQ\HWA-GARDEN.RabbitMQ.csproj", "{29646417-B17A-476B-8256-767B5EAF52BC}"
EndProject
Project("{2150E333-8FDC-42A3-9474-1A3956D46DE8}") = "CalendarService", "CalendarService", "{909F21DA-C97E-4F65-8121-D174AC2C1EF3}"
EndProject
Project("{FAE04EC0-301F-11D3-BF4B-00C04F79EFBC}") = "HWA-GARDEN-CalendarService.Tests", "Tests\CalendarService\HWA-GARDEN-CalendarService.Tests\HWA-GARDEN-CalendarService.Tests.csproj", "{A283339A-CFF5-47E9-9A93-8AD1078FA44A}"
EndProject
Project("{FAE04EC0-301F-11D3-BF4B-00C04F79EFBC}") = "HWA-GARDEN.AzureServiceBus", "HWA-GARDEN.AzureServiceBus\HWA-GARDEN.AzureServiceBus.csproj", "{2376208A-6794-4868-874F-8090928EFFCB}"
EndProject
Global
	GlobalSection(SolutionConfigurationPlatforms) = preSolution
		Debug|Any CPU = Debug|Any CPU
		Release|Any CPU = Release|Any CPU
	EndGlobalSection
	GlobalSection(ProjectConfigurationPlatforms) = postSolution
		{B1814DAA-4132-4EE6-BCEF-44BC2F381B6B}.Debug|Any CPU.ActiveCfg = Debug|Any CPU
		{B1814DAA-4132-4EE6-BCEF-44BC2F381B6B}.Debug|Any CPU.Build.0 = Debug|Any CPU
		{B1814DAA-4132-4EE6-BCEF-44BC2F381B6B}.Release|Any CPU.ActiveCfg = Release|Any CPU
		{B1814DAA-4132-4EE6-BCEF-44BC2F381B6B}.Release|Any CPU.Build.0 = Release|Any CPU
		{B6A9CA2F-7B9C-48F1-B6A1-C5AF16A5F8A7}.Debug|Any CPU.ActiveCfg = Debug|Any CPU
		{B6A9CA2F-7B9C-48F1-B6A1-C5AF16A5F8A7}.Debug|Any CPU.Build.0 = Debug|Any CPU
		{B6A9CA2F-7B9C-48F1-B6A1-C5AF16A5F8A7}.Debug|Any CPU.Deploy.0 = Debug|Any CPU
		{B6A9CA2F-7B9C-48F1-B6A1-C5AF16A5F8A7}.Release|Any CPU.ActiveCfg = Release|Any CPU
		{B6A9CA2F-7B9C-48F1-B6A1-C5AF16A5F8A7}.Release|Any CPU.Build.0 = Release|Any CPU
		{B6A9CA2F-7B9C-48F1-B6A1-C5AF16A5F8A7}.Release|Any CPU.Deploy.0 = Release|Any CPU
		{1DD37B0F-B55C-4648-8C16-6963C0FB4B26}.Debug|Any CPU.ActiveCfg = Debug|Any CPU
		{1DD37B0F-B55C-4648-8C16-6963C0FB4B26}.Debug|Any CPU.Build.0 = Debug|Any CPU
		{1DD37B0F-B55C-4648-8C16-6963C0FB4B26}.Release|Any CPU.ActiveCfg = Release|Any CPU
		{1DD37B0F-B55C-4648-8C16-6963C0FB4B26}.Release|Any CPU.Build.0 = Release|Any CPU
		{E5101CA8-6166-4BE0-94F5-84E4555DD674}.Debug|Any CPU.ActiveCfg = Debug|Any CPU
		{E5101CA8-6166-4BE0-94F5-84E4555DD674}.Debug|Any CPU.Build.0 = Debug|Any CPU
		{E5101CA8-6166-4BE0-94F5-84E4555DD674}.Release|Any CPU.ActiveCfg = Release|Any CPU
		{E5101CA8-6166-4BE0-94F5-84E4555DD674}.Release|Any CPU.Build.0 = Release|Any CPU
		{48551CB6-15C6-456C-8313-595C968A6843}.Debug|Any CPU.ActiveCfg = Debug|Any CPU
		{48551CB6-15C6-456C-8313-595C968A6843}.Debug|Any CPU.Build.0 = Debug|Any CPU
		{48551CB6-15C6-456C-8313-595C968A6843}.Release|Any CPU.ActiveCfg = Release|Any CPU
		{48551CB6-15C6-456C-8313-595C968A6843}.Release|Any CPU.Build.0 = Release|Any CPU
		{37C10BD9-36E0-4321-93F7-4527C6D3E176}.Debug|Any CPU.ActiveCfg = Debug|Any CPU
		{37C10BD9-36E0-4321-93F7-4527C6D3E176}.Debug|Any CPU.Build.0 = Debug|Any CPU
		{37C10BD9-36E0-4321-93F7-4527C6D3E176}.Release|Any CPU.ActiveCfg = Release|Any CPU
		{37C10BD9-36E0-4321-93F7-4527C6D3E176}.Release|Any CPU.Build.0 = Release|Any CPU
		{694E13A0-8194-4240-AD00-6BE1F41FAFC1}.Debug|Any CPU.ActiveCfg = Debug|Any CPU
		{694E13A0-8194-4240-AD00-6BE1F41FAFC1}.Debug|Any CPU.Build.0 = Debug|Any CPU
		{694E13A0-8194-4240-AD00-6BE1F41FAFC1}.Release|Any CPU.ActiveCfg = Release|Any CPU
		{694E13A0-8194-4240-AD00-6BE1F41FAFC1}.Release|Any CPU.Build.0 = Release|Any CPU
		{349700E3-AE6A-478B-A5CA-E56BDE01C291}.Debug|Any CPU.ActiveCfg = Debug|Any CPU
		{349700E3-AE6A-478B-A5CA-E56BDE01C291}.Debug|Any CPU.Build.0 = Debug|Any CPU
		{349700E3-AE6A-478B-A5CA-E56BDE01C291}.Release|Any CPU.ActiveCfg = Release|Any CPU
		{349700E3-AE6A-478B-A5CA-E56BDE01C291}.Release|Any CPU.Build.0 = Release|Any CPU
		{83774A1F-56A1-4162-A72E-9D93568F5632}.Debug|Any CPU.ActiveCfg = Debug|Any CPU
		{83774A1F-56A1-4162-A72E-9D93568F5632}.Debug|Any CPU.Build.0 = Debug|Any CPU
		{83774A1F-56A1-4162-A72E-9D93568F5632}.Release|Any CPU.ActiveCfg = Release|Any CPU
		{83774A1F-56A1-4162-A72E-9D93568F5632}.Release|Any CPU.Build.0 = Release|Any CPU
		{9BB22C06-0907-4E38-9C77-484900DB6D4C}.Debug|Any CPU.ActiveCfg = Debug|Any CPU
		{9BB22C06-0907-4E38-9C77-484900DB6D4C}.Debug|Any CPU.Build.0 = Debug|Any CPU
		{9BB22C06-0907-4E38-9C77-484900DB6D4C}.Release|Any CPU.ActiveCfg = Release|Any CPU
		{9BB22C06-0907-4E38-9C77-484900DB6D4C}.Release|Any CPU.Build.0 = Release|Any CPU
		{0A9176D4-5CD6-4BC0-B73F-B03F04F0F437}.Debug|Any CPU.ActiveCfg = Debug|Any CPU
		{0A9176D4-5CD6-4BC0-B73F-B03F04F0F437}.Debug|Any CPU.Build.0 = Debug|Any CPU
		{0A9176D4-5CD6-4BC0-B73F-B03F04F0F437}.Release|Any CPU.ActiveCfg = Release|Any CPU
		{0A9176D4-5CD6-4BC0-B73F-B03F04F0F437}.Release|Any CPU.Build.0 = Release|Any CPU
		{123A0F4C-400E-4CD8-A770-F1DD71F84C75}.Debug|Any CPU.ActiveCfg = Debug|Any CPU
		{123A0F4C-400E-4CD8-A770-F1DD71F84C75}.Debug|Any CPU.Build.0 = Debug|Any CPU
		{123A0F4C-400E-4CD8-A770-F1DD71F84C75}.Release|Any CPU.ActiveCfg = Release|Any CPU
		{123A0F4C-400E-4CD8-A770-F1DD71F84C75}.Release|Any CPU.Build.0 = Release|Any CPU
		{F99DE090-8FBF-4608-A879-96C7281B5541}.Debug|Any CPU.ActiveCfg = Debug|Any CPU
		{F99DE090-8FBF-4608-A879-96C7281B5541}.Debug|Any CPU.Build.0 = Debug|Any CPU
		{F99DE090-8FBF-4608-A879-96C7281B5541}.Debug|Any CPU.Deploy.0 = Debug|Any CPU
		{F99DE090-8FBF-4608-A879-96C7281B5541}.Release|Any CPU.ActiveCfg = Release|Any CPU
		{F99DE090-8FBF-4608-A879-96C7281B5541}.Release|Any CPU.Build.0 = Release|Any CPU
		{F99DE090-8FBF-4608-A879-96C7281B5541}.Release|Any CPU.Deploy.0 = Release|Any CPU
		{9FAA020D-686D-451A-9062-CC29D38C9606}.Debug|Any CPU.ActiveCfg = Debug|Any CPU
		{9FAA020D-686D-451A-9062-CC29D38C9606}.Debug|Any CPU.Build.0 = Debug|Any CPU
		{9FAA020D-686D-451A-9062-CC29D38C9606}.Release|Any CPU.ActiveCfg = Release|Any CPU
		{9FAA020D-686D-451A-9062-CC29D38C9606}.Release|Any CPU.Build.0 = Release|Any CPU
		{2ACC7ED2-C965-43AE-BA38-587EBC84A24A}.Debug|Any CPU.ActiveCfg = Debug|Any CPU
		{2ACC7ED2-C965-43AE-BA38-587EBC84A24A}.Debug|Any CPU.Build.0 = Debug|Any CPU
		{2ACC7ED2-C965-43AE-BA38-587EBC84A24A}.Release|Any CPU.ActiveCfg = Release|Any CPU
		{2ACC7ED2-C965-43AE-BA38-587EBC84A24A}.Release|Any CPU.Build.0 = Release|Any CPU
		{29646417-B17A-476B-8256-767B5EAF52BC}.Debug|Any CPU.ActiveCfg = Debug|Any CPU
		{29646417-B17A-476B-8256-767B5EAF52BC}.Debug|Any CPU.Build.0 = Debug|Any CPU
		{29646417-B17A-476B-8256-767B5EAF52BC}.Release|Any CPU.ActiveCfg = Release|Any CPU
		{29646417-B17A-476B-8256-767B5EAF52BC}.Release|Any CPU.Build.0 = Release|Any CPU
		{A283339A-CFF5-47E9-9A93-8AD1078FA44A}.Debug|Any CPU.ActiveCfg = Debug|Any CPU
		{A283339A-CFF5-47E9-9A93-8AD1078FA44A}.Debug|Any CPU.Build.0 = Debug|Any CPU
		{A283339A-CFF5-47E9-9A93-8AD1078FA44A}.Release|Any CPU.ActiveCfg = Release|Any CPU
		{A283339A-CFF5-47E9-9A93-8AD1078FA44A}.Release|Any CPU.Build.0 = Release|Any CPU
		{2376208A-6794-4868-874F-8090928EFFCB}.Debug|Any CPU.ActiveCfg = Debug|Any CPU
		{2376208A-6794-4868-874F-8090928EFFCB}.Debug|Any CPU.Build.0 = Debug|Any CPU
		{2376208A-6794-4868-874F-8090928EFFCB}.Release|Any CPU.ActiveCfg = Release|Any CPU
		{2376208A-6794-4868-874F-8090928EFFCB}.Release|Any CPU.Build.0 = Release|Any CPU
	EndGlobalSection
	GlobalSection(SolutionProperties) = preSolution
		HideSolutionNode = FALSE
	EndGlobalSection
	GlobalSection(NestedProjects) = preSolution
		{B6A9CA2F-7B9C-48F1-B6A1-C5AF16A5F8A7} = {A38D0C02-0318-4337-8113-14A5505C8BB4}
		{1DD37B0F-B55C-4648-8C16-6963C0FB4B26} = {A38D0C02-0318-4337-8113-14A5505C8BB4}
		{E5101CA8-6166-4BE0-94F5-84E4555DD674} = {A38D0C02-0318-4337-8113-14A5505C8BB4}
		{48551CB6-15C6-456C-8313-595C968A6843} = {A38D0C02-0318-4337-8113-14A5505C8BB4}
		{685F7A9A-EEE5-4C39-8F4F-F88D6A78F92C} = {B39CA626-3FE9-46F9-BD53-185B399C9BC2}
		{83774A1F-56A1-4162-A72E-9D93568F5632} = {685F7A9A-EEE5-4C39-8F4F-F88D6A78F92C}
		{9BB22C06-0907-4E38-9C77-484900DB6D4C} = {B39CA626-3FE9-46F9-BD53-185B399C9BC2}
		{0A9176D4-5CD6-4BC0-B73F-B03F04F0F437} = {3DE101F6-457A-43A8-AB7F-6CB28FC13C07}
		{123A0F4C-400E-4CD8-A770-F1DD71F84C75} = {3DE101F6-457A-43A8-AB7F-6CB28FC13C07}
		{F99DE090-8FBF-4608-A879-96C7281B5541} = {3DE101F6-457A-43A8-AB7F-6CB28FC13C07}
		{9FAA020D-686D-451A-9062-CC29D38C9606} = {3DE101F6-457A-43A8-AB7F-6CB28FC13C07}
		{909F21DA-C97E-4F65-8121-D174AC2C1EF3} = {B39CA626-3FE9-46F9-BD53-185B399C9BC2}
		{A283339A-CFF5-47E9-9A93-8AD1078FA44A} = {909F21DA-C97E-4F65-8121-D174AC2C1EF3}
	EndGlobalSection
	GlobalSection(ExtensibilityGlobals) = postSolution
		SolutionGuid = {B616CB3A-8723-4ACC-B8A0-51596AB455F8}
	EndGlobalSection
EndGlobal
